
Microsoft Visual Studio Solution File, Format Version 12.00
# Visual Studio Version 16
VisualStudioVersion = 16.0.30717.126
MinimumVisualStudioVersion = 10.0.40219.1
Project("{E24C65DC-7377-472B-9ABA-BC803B73C61A}") = "lab4", ".", "{CB1B3D79-AD09-466E-A8B9-EDCBD9024171}"
	ProjectSection(WebsiteProperties) = preProject
		TargetFrameworkMoniker = ".NETFramework,Version%3Dv4.7.2"
		Debug.AspNetCompiler.VirtualPath = "/localhost_55518"
		Debug.AspNetCompiler.PhysicalPath = "..\lab4\"
		Debug.AspNetCompiler.TargetPath = "PrecompiledWeb\localhost_55518\"
		Debug.AspNetCompiler.Updateable = "true"
		Debug.AspNetCompiler.ForceOverwrite = "true"
		Debug.AspNetCompiler.FixedNames = "false"
		Debug.AspNetCompiler.Debug = "True"
		Release.AspNetCompiler.VirtualPath = "/localhost_55518"
		Release.AspNetCompiler.PhysicalPath = "..\lab4\"
		Release.AspNetCompiler.TargetPath = "PrecompiledWeb\localhost_55518\"
		Release.AspNetCompiler.Updateable = "true"
		Release.AspNetCompiler.ForceOverwrite = "true"
		Release.AspNetCompiler.FixedNames = "false"
		Release.AspNetCompiler.Debug = "False"
		VWDPort = "55518"
		SlnRelativePath = "..\lab4\"
		DefaultWebSiteLanguage = "Visual C#"
	EndProjectSection
EndProject
Global
	GlobalSection(SolutionConfigurationPlatforms) = preSolution
		Debug|Any CPU = Debug|Any CPU
	EndGlobalSection
	GlobalSection(ProjectConfigurationPlatforms) = postSolution
		{CB1B3D79-AD09-466E-A8B9-EDCBD9024171}.Debug|Any CPU.ActiveCfg = Debug|Any CPU
		{CB1B3D79-AD09-466E-A8B9-EDCBD9024171}.Debug|Any CPU.Build.0 = Debug|Any CPU
	EndGlobalSection
	GlobalSection(SolutionProperties) = preSolution
		HideSolutionNode = FALSE
	EndGlobalSection
	GlobalSection(ExtensibilityGlobals) = postSolution
		SolutionGuid = {043E7D2E-05AA-412D-B240-A7A9B3B39241}
	EndGlobalSection
EndGlobal
