
Microsoft Visual Studio Solution File, Format Version 12.00
# Visual Studio Version 16
VisualStudioVersion = 16.0.30907.101
MinimumVisualStudioVersion = 10.0.40219.1
Project("{FAE04EC0-301F-11D3-BF4B-00C04F79EFBC}") = "primjer 5-IdentityApp", "primjer 5-IdentityApp.csproj", "{EA33572E-B487-4E55-AB61-1BFF812D3B52}"
EndProject
Global
	GlobalSection(SolutionConfigurationPlatforms) = preSolution
		Debug|Any CPU = Debug|Any CPU
		Release|Any CPU = Release|Any CPU
	EndGlobalSection
	GlobalSection(ProjectConfigurationPlatforms) = postSolution
		{EA33572E-B487-4E55-AB61-1BFF812D3B52}.Debug|Any CPU.ActiveCfg = Debug|Any CPU
		{EA33572E-B487-4E55-AB61-1BFF812D3B52}.Debug|Any CPU.Build.0 = Debug|Any CPU
		{EA33572E-B487-4E55-AB61-1BFF812D3B52}.Release|Any CPU.ActiveCfg = Release|Any CPU
		{EA33572E-B487-4E55-AB61-1BFF812D3B52}.Release|Any CPU.Build.0 = Release|Any CPU
	EndGlobalSection
	GlobalSection(SolutionProperties) = preSolution
		HideSolutionNode = FALSE
	EndGlobalSection
	GlobalSection(ExtensibilityGlobals) = postSolution
		SolutionGuid = {8C62B69A-2EF6-487B-B316-EACE4A2FA69D}
	EndGlobalSection
EndGlobal
