
Microsoft Visual Studio Solution File, Format Version 12.00
# Visual Studio Version 16
VisualStudioVersion = 16.0.30611.23
MinimumVisualStudioVersion = 10.0.40219.1
Project("{E24C65DC-7377-472B-9ABA-BC803B73C61A}") = "lab3", ".", "{D2834738-DDE1-486A-873A-3FC2F28C3719}"
	ProjectSection(WebsiteProperties) = preProject
		TargetFrameworkMoniker = ".NETFramework,Version%3Dv4.7.2"
		Debug.AspNetCompiler.VirtualPath = "/localhost_50394"
		Debug.AspNetCompiler.PhysicalPath = "..\lab3\"
		Debug.AspNetCompiler.TargetPath = "PrecompiledWeb\localhost_50394\"
		Debug.AspNetCompiler.Updateable = "true"
		Debug.AspNetCompiler.ForceOverwrite = "true"
		Debug.AspNetCompiler.FixedNames = "false"
		Debug.AspNetCompiler.Debug = "True"
		Release.AspNetCompiler.VirtualPath = "/localhost_50394"
		Release.AspNetCompiler.PhysicalPath = "..\lab3\"
		Release.AspNetCompiler.TargetPath = "PrecompiledWeb\localhost_50394\"
		Release.AspNetCompiler.Updateable = "true"
		Release.AspNetCompiler.ForceOverwrite = "true"
		Release.AspNetCompiler.FixedNames = "false"
		Release.AspNetCompiler.Debug = "False"
		VWDPort = "50394"
		SlnRelativePath = "..\lab3\"
		DefaultWebSiteLanguage = "Visual C#"
	EndProjectSection
EndProject
Global
	GlobalSection(SolutionConfigurationPlatforms) = preSolution
		Debug|Any CPU = Debug|Any CPU
	EndGlobalSection
	GlobalSection(ProjectConfigurationPlatforms) = postSolution
		{D2834738-DDE1-486A-873A-3FC2F28C3719}.Debug|Any CPU.ActiveCfg = Debug|Any CPU
		{D2834738-DDE1-486A-873A-3FC2F28C3719}.Debug|Any CPU.Build.0 = Debug|Any CPU
	EndGlobalSection
	GlobalSection(SolutionProperties) = preSolution
		HideSolutionNode = FALSE
	EndGlobalSection
	GlobalSection(ExtensibilityGlobals) = postSolution
		SolutionGuid = {582DD2B2-00D7-4BCE-AD19-467B4DE874D8}
	EndGlobalSection
EndGlobal
